
Microsoft Visual Studio Solution File, Format Version 12.00
# Visual Studio 15
VisualStudioVersion = 15.0.27703.2035
MinimumVisualStudioVersion = 10.0.40219.1
Project("{9A19103F-16F7-4668-BE54-9A1E7A4F7556}") = "DotNet2.Mvc.Routing", "DotNet2.Mvc.Routing\DotNet2.Mvc.Routing.csproj", "{B4738E33-9091-4C4D-AFFE-61ECD6F15DE7}"
EndProject
Project("{9A19103F-16F7-4668-BE54-9A1E7A4F7556}") = "DotNet2.Mvc.ModelBinding", "DotNet2.Mvc.ModelBinding\DotNet2.Mvc.ModelBinding.csproj", "{6D65851C-5EE2-4F04-A593-D0A3C1A8D3A3}"
EndProject
Global
	GlobalSection(SolutionConfigurationPlatforms) = preSolution
		Debug|Any CPU = Debug|Any CPU
		Release|Any CPU = Release|Any CPU
	EndGlobalSection
	GlobalSection(ProjectConfigurationPlatforms) = postSolution
		{B4738E33-9091-4C4D-AFFE-61ECD6F15DE7}.Debug|Any CPU.ActiveCfg = Debug|Any CPU
		{B4738E33-9091-4C4D-AFFE-61ECD6F15DE7}.Debug|Any CPU.Build.0 = Debug|Any CPU
		{B4738E33-9091-4C4D-AFFE-61ECD6F15DE7}.Release|Any CPU.ActiveCfg = Release|Any CPU
		{B4738E33-9091-4C4D-AFFE-61ECD6F15DE7}.Release|Any CPU.Build.0 = Release|Any CPU
		{6D65851C-5EE2-4F04-A593-D0A3C1A8D3A3}.Debug|Any CPU.ActiveCfg = Debug|Any CPU
		{6D65851C-5EE2-4F04-A593-D0A3C1A8D3A3}.Debug|Any CPU.Build.0 = Debug|Any CPU
		{6D65851C-5EE2-4F04-A593-D0A3C1A8D3A3}.Release|Any CPU.ActiveCfg = Release|Any CPU
		{6D65851C-5EE2-4F04-A593-D0A3C1A8D3A3}.Release|Any CPU.Build.0 = Release|Any CPU
	EndGlobalSection
	GlobalSection(SolutionProperties) = preSolution
		HideSolutionNode = FALSE
	EndGlobalSection
	GlobalSection(ExtensibilityGlobals) = postSolution
		SolutionGuid = {6F32E062-9178-4863-8949-F1B442FAC1AC}
	EndGlobalSection
EndGlobal
